// !$*UTF8*$!
{
	archiveVersion = 1;
	classes = {
	};
	objectVersion = 50;
	objects = {

/* Begin PBXBuildFile section */
		742243E52139A72C00397408 /* Meal.swift in Sources */ = {isa = PBXBuildFile; fileRef = 742243E42139A72C00397408 /* Meal.swift */; };
		745C69BF21382A140094F379 /* RatingControl.swift in Sources */ = {isa = PBXBuildFile; fileRef = 745C69BE21382A140094F379 /* RatingControl.swift */; };
		7464E7D1213B7778009DFBEF /* MealTableViewCell.swift in Sources */ = {isa = PBXBuildFile; fileRef = 7464E7D0213B7778009DFBEF /* MealTableViewCell.swift */; };
		7464E7D3213B85A4009DFBEF /* MealTableViewController.swift in Sources */ = {isa = PBXBuildFile; fileRef = 7464E7D2213B85A4009DFBEF /* MealTableViewController.swift */; };
		74C007C8213599CB000D2FF2 /* AppDelegate.swift in Sources */ = {isa = PBXBuildFile; fileRef = 74C007C7213599CB000D2FF2 /* AppDelegate.swift */; };
		74C007CA213599CB000D2FF2 /* MealViewController.swift in Sources */ = {isa = PBXBuildFile; fileRef = 74C007C9213599CB000D2FF2 /* MealViewController.swift */; };
		74C007CD213599CB000D2FF2 /* Main.storyboard in Resources */ = {isa = PBXBuildFile; fileRef = 74C007CB213599CB000D2FF2 /* Main.storyboard */; };
		74C007CF213599CC000D2FF2 /* Assets.xcassets in Resources */ = {isa = PBXBuildFile; fileRef = 74C007CE213599CC000D2FF2 /* Assets.xcassets */; };
		74C007D2213599CC000D2FF2 /* LaunchScreen.storyboard in Resources */ = {isa = PBXBuildFile; fileRef = 74C007D0213599CC000D2FF2 /* LaunchScreen.storyboard */; };
		74C007DD213599CC000D2FF2 /* FoodTrackerTests.swift in Sources */ = {isa = PBXBuildFile; fileRef = 74C007DC213599CC000D2FF2 /* FoodTrackerTests.swift */; };
		74C007E8213599CC000D2FF2 /* FoodTrackerUITests.swift in Sources */ = {isa = PBXBuildFile; fileRef = 74C007E7213599CC000D2FF2 /* FoodTrackerUITests.swift */; };
/* End PBXBuildFile section */

/* Begin PBXContainerItemProxy section */
		74C007D9213599CC000D2FF2 /* PBXContainerItemProxy */ = {
			isa = PBXContainerItemProxy;
			containerPortal = 74C007BC213599CB000D2FF2 /* Project object */;
			proxyType = 1;
			remoteGlobalIDString = 74C007C3213599CB000D2FF2;
			remoteInfo = FoodTracker;
		};
		74C007E4213599CC000D2FF2 /* PBXContainerItemProxy */ = {
			isa = PBXContainerItemProxy;
			containerPortal = 74C007BC213599CB000D2FF2 /* Project object */;
			proxyType = 1;
			remoteGlobalIDString = 74C007C3213599CB000D2FF2;
			remoteInfo = FoodTracker;
		};
/* End PBXContainerItemProxy section */

/* Begin PBXFileReference section */
		742243E42139A72C00397408 /* Meal.swift */ = {isa = PBXFileReference; lastKnownFileType = sourcecode.swift; path = Meal.swift; sourceTree = "<group>"; };
		745C69BE21382A140094F379 /* RatingControl.swift */ = {isa = PBXFileReference; lastKnownFileType = sourcecode.swift; path = RatingControl.swift; sourceTree = "<group>"; };
		7464E7D0213B7778009DFBEF /* MealTableViewCell.swift */ = {isa = PBXFileReference; lastKnownFileType = sourcecode.swift; path = MealTableViewCell.swift; sourceTree = "<group>"; };
		7464E7D2213B85A4009DFBEF /* MealTableViewController.swift */ = {isa = PBXFileReference; lastKnownFileType = sourcecode.swift; path = MealTableViewController.swift; sourceTree = "<group>"; };
		74C007C4213599CB000D2FF2 /* FoodTracker.app */ = {isa = PBXFileReference; explicitFileType = wrapper.application; includeInIndex = 0; path = FoodTracker.app; sourceTree = BUILT_PRODUCTS_DIR; };
		74C007C7213599CB000D2FF2 /* AppDelegate.swift */ = {isa = PBXFileReference; lastKnownFileType = sourcecode.swift; path = AppDelegate.swift; sourceTree = "<group>"; };
		74C007C9213599CB000D2FF2 /* MealViewController.swift */ = {isa = PBXFileReference; lastKnownFileType = sourcecode.swift; path = MealViewController.swift; sourceTree = "<group>"; };
		74C007CC213599CB000D2FF2 /* Base */ = {isa = PBXFileReference; lastKnownFileType = file.storyboard; name = Base; path = Base.lproj/Main.storyboard; sourceTree = "<group>"; };
		74C007CE213599CC000D2FF2 /* Assets.xcassets */ = {isa = PBXFileReference; lastKnownFileType = folder.assetcatalog; path = Assets.xcassets; sourceTree = "<group>"; };
		74C007D1213599CC000D2FF2 /* Base */ = {isa = PBXFileReference; lastKnownFileType = file.storyboard; name = Base; path = Base.lproj/LaunchScreen.storyboard; sourceTree = "<group>"; };
		74C007D3213599CC000D2FF2 /* Info.plist */ = {isa = PBXFileReference; lastKnownFileType = text.plist.xml; path = Info.plist; sourceTree = "<group>"; };
		74C007D8213599CC000D2FF2 /* FoodTrackerTests.xctest */ = {isa = PBXFileReference; explicitFileType = wrapper.cfbundle; includeInIndex = 0; path = FoodTrackerTests.xctest; sourceTree = BUILT_PRODUCTS_DIR; };
		74C007DC213599CC000D2FF2 /* FoodTrackerTests.swift */ = {isa = PBXFileReference; lastKnownFileType = sourcecode.swift; path = FoodTrackerTests.swift; sourceTree = "<group>"; };
		74C007DE213599CC000D2FF2 /* Info.plist */ = {isa = PBXFileReference; lastKnownFileType = text.plist.xml; path = Info.plist; sourceTree = "<group>"; };
		74C007E3213599CC000D2FF2 /* FoodTrackerUITests.xctest */ = {isa = PBXFileReference; explicitFileType = wrapper.cfbundle; includeInIndex = 0; path = FoodTrackerUITests.xctest; sourceTree = BUILT_PRODUCTS_DIR; };
		74C007E7213599CC000D2FF2 /* FoodTrackerUITests.swift */ = {isa = PBXFileReference; lastKnownFileType = sourcecode.swift; path = FoodTrackerUITests.swift; sourceTree = "<group>"; };
		74C007E9213599CC000D2FF2 /* Info.plist */ = {isa = PBXFileReference; lastKnownFileType = text.plist.xml; path = Info.plist; sourceTree = "<group>"; };
/* End PBXFileReference section */

/* Begin PBXFrameworksBuildPhase section */
		74C007C1213599CB000D2FF2 /* Frameworks */ = {
			isa = PBXFrameworksBuildPhase;
			buildActionMask = 2147483647;
			files = (
			);
			runOnlyForDeploymentPostprocessing = 0;
		};
		74C007D5213599CC000D2FF2 /* Frameworks */ = {
			isa = PBXFrameworksBuildPhase;
			buildActionMask = 2147483647;
			files = (
			);
			runOnlyForDeploymentPostprocessing = 0;
		};
		74C007E0213599CC000D2FF2 /* Frameworks */ = {
			isa = PBXFrameworksBuildPhase;
			buildActionMask = 2147483647;
			files = (
			);
			runOnlyForDeploymentPostprocessing = 0;
		};
/* End PBXFrameworksBuildPhase section */

/* Begin PBXGroup section */
		74C007BB213599CB000D2FF2 = {
			isa = PBXGroup;
			children = (
				74C007C6213599CB000D2FF2 /* FoodTracker */,
				74C007DB213599CC000D2FF2 /* FoodTrackerTests */,
				74C007E6213599CC000D2FF2 /* FoodTrackerUITests */,
				74C007C5213599CB000D2FF2 /* Products */,
			);
			sourceTree = "<group>";
		};
		74C007C5213599CB000D2FF2 /* Products */ = {
			isa = PBXGroup;
			children = (
				74C007C4213599CB000D2FF2 /* FoodTracker.app */,
				74C007D8213599CC000D2FF2 /* FoodTrackerTests.xctest */,
				74C007E3213599CC000D2FF2 /* FoodTrackerUITests.xctest */,
			);
			name = Products;
			sourceTree = "<group>";
		};
		74C007C6213599CB000D2FF2 /* FoodTracker */ = {
			isa = PBXGroup;
			children = (
				74C007C7213599CB000D2FF2 /* AppDelegate.swift */,
				74C007CB213599CB000D2FF2 /* Main.storyboard */,
				74C007C9213599CB000D2FF2 /* MealViewController.swift */,
				7464E7D0213B7778009DFBEF /* MealTableViewCell.swift */,
				7464E7D2213B85A4009DFBEF /* MealTableViewController.swift */,
				745C69BE21382A140094F379 /* RatingControl.swift */,
				742243E42139A72C00397408 /* Meal.swift */,
				74C007CE213599CC000D2FF2 /* Assets.xcassets */,
				74C007D0213599CC000D2FF2 /* LaunchScreen.storyboard */,
				74C007D3213599CC000D2FF2 /* Info.plist */,
			);
			path = FoodTracker;
			sourceTree = "<group>";
		};
		74C007DB213599CC000D2FF2 /* FoodTrackerTests */ = {
			isa = PBXGroup;
			children = (
				74C007DC213599CC000D2FF2 /* FoodTrackerTests.swift */,
				74C007DE213599CC000D2FF2 /* Info.plist */,
			);
			path = FoodTrackerTests;
			sourceTree = "<group>";
		};
		74C007E6213599CC000D2FF2 /* FoodTrackerUITests */ = {
			isa = PBXGroup;
			children = (
				74C007E7213599CC000D2FF2 /* FoodTrackerUITests.swift */,
				74C007E9213599CC000D2FF2 /* Info.plist */,
			);
			path = FoodTrackerUITests;
			sourceTree = "<group>";
		};
/* End PBXGroup section */

/* Begin PBXNativeTarget section */
		74C007C3213599CB000D2FF2 /* FoodTracker */ = {
			isa = PBXNativeTarget;
			buildConfigurationList = 74C007EC213599CC000D2FF2 /* Build configuration list for PBXNativeTarget "FoodTracker" */;
			buildPhases = (
				74C007C0213599CB000D2FF2 /* Sources */,
				74C007C1213599CB000D2FF2 /* Frameworks */,
				74C007C2213599CB000D2FF2 /* Resources */,
			);
			buildRules = (
			);
			dependencies = (
			);
			name = FoodTracker;
			productName = FoodTracker;
			productReference = 74C007C4213599CB000D2FF2 /* FoodTracker.app */;
			productType = "com.apple.product-type.application";
		};
		74C007D7213599CC000D2FF2 /* FoodTrackerTests */ = {
			isa = PBXNativeTarget;
			buildConfigurationList = 74C007EF213599CC000D2FF2 /* Build configuration list for PBXNativeTarget "FoodTrackerTests" */;
			buildPhases = (
				74C007D4213599CC000D2FF2 /* Sources */,
				74C007D5213599CC000D2FF2 /* Frameworks */,
				74C007D6213599CC000D2FF2 /* Resources */,
			);
			buildRules = (
			);
			dependencies = (
				74C007DA213599CC000D2FF2 /* PBXTargetDependency */,
			);
			name = FoodTrackerTests;
			productName = FoodTrackerTests;
			productReference = 74C007D8213599CC000D2FF2 /* FoodTrackerTests.xctest */;
			productType = "com.apple.product-type.bundle.unit-test";
		};
		74C007E2213599CC000D2FF2 /* FoodTrackerUITests */ = {
			isa = PBXNativeTarget;
			buildConfigurationList = 74C007F2213599CC000D2FF2 /* Build configuration list for PBXNativeTarget "FoodTrackerUITests" */;
			buildPhases = (
				74C007DF213599CC000D2FF2 /* Sources */,
				74C007E0213599CC000D2FF2 /* Frameworks */,
				74C007E1213599CC000D2FF2 /* Resources */,
			);
			buildRules = (
			);
			dependencies = (
				74C007E5213599CC000D2FF2 /* PBXTargetDependency */,
			);
			name = FoodTrackerUITests;
			productName = FoodTrackerUITests;
			productReference = 74C007E3213599CC000D2FF2 /* FoodTrackerUITests.xctest */;
			productType = "com.apple.product-type.bundle.ui-testing";
		};
/* End PBXNativeTarget section */

/* Begin PBXProject section */
		74C007BC213599CB000D2FF2 /* Project object */ = {
			isa = PBXProject;
			attributes = {
				LastSwiftUpdateCheck = 0940;
				LastUpgradeCheck = 0940;
				ORGANIZATIONNAME = "Gabriel Blaine Palmer";
				TargetAttributes = {
					74C007C3213599CB000D2FF2 = {
						CreatedOnToolsVersion = 9.4.1;
					};
					74C007D7213599CC000D2FF2 = {
						CreatedOnToolsVersion = 9.4.1;
						TestTargetID = 74C007C3213599CB000D2FF2;
					};
					74C007E2213599CC000D2FF2 = {
						CreatedOnToolsVersion = 9.4.1;
						TestTargetID = 74C007C3213599CB000D2FF2;
					};
				};
			};
			buildConfigurationList = 74C007BF213599CB000D2FF2 /* Build configuration list for PBXProject "FoodTracker" */;
			compatibilityVersion = "Xcode 9.3";
			developmentRegion = en;
			hasScannedForEncodings = 0;
			knownRegions = (
				en,
				Base,
			);
			mainGroup = 74C007BB213599CB000D2FF2;
			productRefGroup = 74C007C5213599CB000D2FF2 /* Products */;
			projectDirPath = "";
			projectRoot = "";
			targets = (
				74C007C3213599CB000D2FF2 /* FoodTracker */,
				74C007D7213599CC000D2FF2 /* FoodTrackerTests */,
				74C007E2213599CC000D2FF2 /* FoodTrackerUITests */,
			);
		};
/* End PBXProject section */

/* Begin PBXResourcesBuildPhase section */
		74C007C2213599CB000D2FF2 /* Resources */ = {
			isa = PBXResourcesBuildPhase;
			buildActionMask = 2147483647;
			files = (
				74C007D2213599CC000D2FF2 /* LaunchScreen.storyboard in Resources */,
				74C007CF213599CC000D2FF2 /* Assets.xcassets in Resources */,
				74C007CD213599CB000D2FF2 /* Main.storyboard in Resources */,
			);
			runOnlyForDeploymentPostprocessing = 0;
		};
		74C007D6213599CC000D2FF2 /* Resources */ = {
			isa = PBXResourcesBuildPhase;
			buildActionMask = 2147483647;
			files = (
			);
			runOnlyForDeploymentPostprocessing = 0;
		};
		74C007E1213599CC000D2FF2 /* Resources */ = {
			isa = PBXResourcesBuildPhase;
			buildActionMask = 2147483647;
			files = (
			);
			runOnlyForDeploymentPostprocessing = 0;
		};
/* End PBXResourcesBuildPhase section */

/* Begin PBXSourcesBuildPhase section */
		74C007C0213599CB000D2FF2 /* Sources */ = {
			isa = PBXSourcesBuildPhase;
			buildActionMask = 2147483647;
			files = (
				742243E52139A72C00397408 /* Meal.swift in Sources */,
				74C007CA213599CB000D2FF2 /* MealViewController.swift in Sources */,
				745C69BF21382A140094F379 /* RatingControl.swift in Sources */,
				74C007C8213599CB000D2FF2 /* AppDelegate.swift in Sources */,
				7464E7D3213B85A4009DFBEF /* MealTableViewController.swift in Sources */,
				7464E7D1213B7778009DFBEF /* MealTableViewCell.swift in Sources */,
			);
			runOnlyForDeploymentPostprocessing = 0;
		};
		74C007D4213599CC000D2FF2 /* Sources */ = {
			isa = PBXSourcesBuildPhase;
			buildActionMask = 2147483647;
			files = (
				74C007DD213599CC000D2FF2 /* FoodTrackerTests.swift in Sources */,
			);
			runOnlyForDeploymentPostprocessing = 0;
		};
		74C007DF213599CC000D2FF2 /* Sources */ = {
			isa = PBXSourcesBuildPhase;
			buildActionMask = 2147483647;
			files = (
				74C007E8213599CC000D2FF2 /* FoodTrackerUITests.swift in Sources */,
			);
			runOnlyForDeploymentPostprocessing = 0;
		};
/* End PBXSourcesBuildPhase section */

/* Begin PBXTargetDependency section */
		74C007DA213599CC000D2FF2 /* PBXTargetDependency */ = {
			isa = PBXTargetDependency;
			target = 74C007C3213599CB000D2FF2 /* FoodTracker */;
			targetProxy = 74C007D9213599CC000D2FF2 /* PBXContainerItemProxy */;
		};
		74C007E5213599CC000D2FF2 /* PBXTargetDependency */ = {
			isa = PBXTargetDependency;
			target = 74C007C3213599CB000D2FF2 /* FoodTracker */;
			targetProxy = 74C007E4213599CC000D2FF2 /* PBXContainerItemProxy */;
		};
/* End PBXTargetDependency section */

/* Begin PBXVariantGroup section */
		74C007CB213599CB000D2FF2 /* Main.storyboard */ = {
			isa = PBXVariantGroup;
			children = (
				74C007CC213599CB000D2FF2 /* Base */,
			);
			name = Main.storyboard;
			sourceTree = "<group>";
		};
		74C007D0213599CC000D2FF2 /* LaunchScreen.storyboard */ = {
			isa = PBXVariantGroup;
			children = (
				74C007D1213599CC000D2FF2 /* Base */,
			);
			name = LaunchScreen.storyboard;
			sourceTree = "<group>";
		};
/* End PBXVariantGroup section */

/* Begin XCBuildConfiguration section */
		74C007EA213599CC000D2FF2 /* Debug */ = {
			isa = XCBuildConfiguration;
			buildSettings = {
				ALWAYS_SEARCH_USER_PATHS = NO;
				CLANG_ANALYZER_NONNULL = YES;
				CLANG_ANALYZER_NUMBER_OBJECT_CONVERSION = YES_AGGRESSIVE;
				CLANG_CXX_LANGUAGE_STANDARD = "gnu++14";
				CLANG_CXX_LIBRARY = "libc++";
				CLANG_ENABLE_MODULES = YES;
				CLANG_ENABLE_OBJC_ARC = YES;
				CLANG_ENABLE_OBJC_WEAK = YES;
				CLANG_WARN_BLOCK_CAPTURE_AUTORELEASING = YES;
				CLANG_WARN_BOOL_CONVERSION = YES;
				CLANG_WARN_COMMA = YES;
				CLANG_WARN_CONSTANT_CONVERSION = YES;
				CLANG_WARN_DEPRECATED_OBJC_IMPLEMENTATIONS = YES;
				CLANG_WARN_DIRECT_OBJC_ISA_USAGE = YES_ERROR;
				CLANG_WARN_DOCUMENTATION_COMMENTS = YES;
				CLANG_WARN_EMPTY_BODY = YES;
				CLANG_WARN_ENUM_CONVERSION = YES;
				CLANG_WARN_INFINITE_RECURSION = YES;
				CLANG_WARN_INT_CONVERSION = YES;
				CLANG_WARN_NON_LITERAL_NULL_CONVERSION = YES;
				CLANG_WARN_OBJC_IMPLICIT_RETAIN_SELF = YES;
				CLANG_WARN_OBJC_LITERAL_CONVERSION = YES;
				CLANG_WARN_OBJC_ROOT_CLASS = YES_ERROR;
				CLANG_WARN_RANGE_LOOP_ANALYSIS = YES;
				CLANG_WARN_STRICT_PROTOTYPES = YES;
				CLANG_WARN_SUSPICIOUS_MOVE = YES;
				CLANG_WARN_UNGUARDED_AVAILABILITY = YES_AGGRESSIVE;
				CLANG_WARN_UNREACHABLE_CODE = YES;
				CLANG_WARN__DUPLICATE_METHOD_MATCH = YES;
				CODE_SIGN_IDENTITY = "iPhone Developer";
				COPY_PHASE_STRIP = NO;
				DEBUG_INFORMATION_FORMAT = dwarf;
				ENABLE_STRICT_OBJC_MSGSEND = YES;
				ENABLE_TESTABILITY = YES;
				GCC_C_LANGUAGE_STANDARD = gnu11;
				GCC_DYNAMIC_NO_PIC = NO;
				GCC_NO_COMMON_BLOCKS = YES;
				GCC_OPTIMIZATION_LEVEL = 0;
				GCC_PREPROCESSOR_DEFINITIONS = (
					"DEBUG=1",
					"$(inherited)",
				);
				GCC_WARN_64_TO_32_BIT_CONVERSION = YES;
				GCC_WARN_ABOUT_RETURN_TYPE = YES_ERROR;
				GCC_WARN_UNDECLARED_SELECTOR = YES;
				GCC_WARN_UNINITIALIZED_AUTOS = YES_AGGRESSIVE;
				GCC_WARN_UNUSED_FUNCTION = YES;
				GCC_WARN_UNUSED_VARIABLE = YES;
				IPHONEOS_DEPLOYMENT_TARGET = 11.4;
				MTL_ENABLE_DEBUG_INFO = YES;
				ONLY_ACTIVE_ARCH = YES;
				SDKROOT = iphoneos;
				SWIFT_ACTIVE_COMPILATION_CONDITIONS = DEBUG;
				SWIFT_OPTIMIZATION_LEVEL = "-Onone";
			};
			name = Debug;
		};
		74C007EB213599CC000D2FF2 /* Release */ = {
			isa = XCBuildConfiguration;
			buildSettings = {
				ALWAYS_SEARCH_USER_PATHS = NO;
				CLANG_ANALYZER_NONNULL = YES;
				CLANG_ANALYZER_NUMBER_OBJECT_CONVERSION = YES_AGGRESSIVE;
				CLANG_CXX_LANGUAGE_STANDARD = "gnu++14";
				CLANG_CXX_LIBRARY = "libc++";
				CLANG_ENABLE_MODULES = YES;
				CLANG_ENABLE_OBJC_ARC = YES;
				CLANG_ENABLE_OBJC_WEAK = YES;
				CLANG_WARN_BLOCK_CAPTURE_AUTORELEASING = YES;
				CLANG_WARN_BOOL_CONVERSION = YES;
				CLANG_WARN_COMMA = YES;
				CLANG_WARN_CONSTANT_CONVERSION = YES;
				CLANG_WARN_DEPRECATED_OBJC_IMPLEMENTATIONS = YES;
				CLANG_WARN_DIRECT_OBJC_ISA_USAGE = YES_ERROR;
				CLANG_WARN_DOCUMENTATION_COMMENTS = YES;
				CLANG_WARN_EMPTY_BODY = YES;
				CLANG_WARN_ENUM_CONVERSION = YES;
				CLANG_WARN_INFINITE_RECURSION = YES;
				CLANG_WARN_INT_CONVERSION = YES;
				CLANG_WARN_NON_LITERAL_NULL_CONVERSION = YES;
				CLANG_WARN_OBJC_IMPLICIT_RETAIN_SELF = YES;
				CLANG_WARN_OBJC_LITERAL_CONVERSION = YES;
				CLANG_WARN_OBJC_ROOT_CLASS = YES_ERROR;
				CLANG_WARN_RANGE_LOOP_ANALYSIS = YES;
				CLANG_WARN_STRICT_PROTOTYPES = YES;
				CLANG_WARN_SUSPICIOUS_MOVE = YES;
				CLANG_WARN_UNGUARDED_AVAILABILITY = YES_AGGRESSIVE;
				CLANG_WARN_UNREACHABLE_CODE = YES;
				CLANG_WARN__DUPLICATE_METHOD_MATCH = YES;
				CODE_SIGN_IDENTITY = "iPhone Developer";
				COPY_PHASE_STRIP = NO;
				DEBUG_INFORMATION_FORMAT = "dwarf-with-dsym";
				ENABLE_NS_ASSERTIONS = NO;
				ENABLE_STRICT_OBJC_MSGSEND = YES;
				GCC_C_LANGUAGE_STANDARD = gnu11;
				GCC_NO_COMMON_BLOCKS = YES;
				GCC_WARN_64_TO_32_BIT_CONVERSION = YES;
				GCC_WARN_ABOUT_RETURN_TYPE = YES_ERROR;
				GCC_WARN_UNDECLARED_SELECTOR = YES;
				GCC_WARN_UNINITIALIZED_AUTOS = YES_AGGRESSIVE;
				GCC_WARN_UNUSED_FUNCTION = YES;
				GCC_WARN_UNUSED_VARIABLE = YES;
				IPHONEOS_DEPLOYMENT_TARGET = 11.4;
				MTL_ENABLE_DEBUG_INFO = NO;
				SDKROOT = iphoneos;
				SWIFT_COMPILATION_MODE = wholemodule;
				SWIFT_OPTIMIZATION_LEVEL = "-O";
				VALIDATE_PRODUCT = YES;
			};
			name = Release;
		};
		74C007ED213599CC000D2FF2 /* Debug */ = {
			isa = XCBuildConfiguration;
			buildSettings = {
				ASSETCATALOG_COMPILER_APPICON_NAME = AppIcon;
				CODE_SIGN_STYLE = Automatic;
				INFOPLIST_FILE = FoodTracker/Info.plist;
				LD_RUNPATH_SEARCH_PATHS = (
					"$(inherited)",
					"@executable_path/Frameworks",
				);
				PRODUCT_BUNDLE_IDENTIFIER = GabrielPalmer.FoodTracker;
				PRODUCT_NAME = "$(TARGET_NAME)";
				SWIFT_VERSION = 4.0;
				TARGETED_DEVICE_FAMILY = "1,2";
			};
			name = Debug;
		};
		74C007EE213599CC000D2FF2 /* Release */ = {
			isa = XCBuildConfiguration;
			buildSettings = {
				ASSETCATALOG_COMPILER_APPICON_NAME = AppIcon;
				CODE_SIGN_STYLE = Automatic;
				INFOPLIST_FILE = FoodTracker/Info.plist;
				LD_RUNPATH_SEARCH_PATHS = (
					"$(inherited)",
					"@executable_path/Frameworks",
				);
				PRODUCT_BUNDLE_IDENTIFIER = GabrielPalmer.FoodTracker;
				PRODUCT_NAME = "$(TARGET_NAME)";
				SWIFT_VERSION = 4.0;
				TARGETED_DEVICE_FAMILY = "1,2";
			};
			name = Release;
		};
		74C007F0213599CC000D2FF2 /* Debug */ = {
			isa = XCBuildConfiguration;
			buildSettings = {
				ALWAYS_EMBED_SWIFT_STANDARD_LIBRARIES = YES;
				BUNDLE_LOADER = "$(TEST_HOST)";
				CODE_SIGN_STYLE = Automatic;
				INFOPLIST_FILE = FoodTrackerTests/Info.plist;
				LD_RUNPATH_SEARCH_PATHS = (
					"$(inherited)",
					"@executable_path/Frameworks",
					"@loader_path/Frameworks",
				);
				PRODUCT_BUNDLE_IDENTIFIER = GabrielPalmer.FoodTrackerTests;
				PRODUCT_NAME = "$(TARGET_NAME)";
				SWIFT_VERSION = 4.0;
				TARGETED_DEVICE_FAMILY = "1,2";
				TEST_HOST = "$(BUILT_PRODUCTS_DIR)/FoodTracker.app/FoodTracker";
			};
			name = Debug;
		};
		74C007F1213599CC000D2FF2 /* Release */ = {
			isa = XCBuildConfiguration;
			buildSettings = {
				ALWAYS_EMBED_SWIFT_STANDARD_LIBRARIES = YES;
				BUNDLE_LOADER = "$(TEST_HOST)";
				CODE_SIGN_STYLE = Automatic;
				INFOPLIST_FILE = FoodTrackerTests/Info.plist;
				LD_RUNPATH_SEARCH_PATHS = (
					"$(inherited)",
					"@executable_path/Frameworks",
					"@loader_path/Frameworks",
				);
				PRODUCT_BUNDLE_IDENTIFIER = GabrielPalmer.FoodTrackerTests;
				PRODUCT_NAME = "$(TARGET_NAME)";
				SWIFT_VERSION = 4.0;
				TARGETED_DEVICE_FAMILY = "1,2";
				TEST_HOST = "$(BUILT_PRODUCTS_DIR)/FoodTracker.app/FoodTracker";
			};
			name = Release;
		};
		74C007F3213599CC000D2FF2 /* Debug */ = {
			isa = XCBuildConfiguration;
			buildSettings = {
				ALWAYS_EMBED_SWIFT_STANDARD_LIBRARIES = YES;
				CODE_SIGN_STYLE = Automatic;
				INFOPLIST_FILE = FoodTrackerUITests/Info.plist;
				LD_RUNPATH_SEARCH_PATHS = (
					"$(inherited)",
					"@executable_path/Frameworks",
					"@loader_path/Frameworks",
				);
				PRODUCT_BUNDLE_IDENTIFIER = GabrielPalmer.FoodTrackerUITests;
				PRODUCT_NAME = "$(TARGET_NAME)";
				SWIFT_VERSION = 4.0;
				TARGETED_DEVICE_FAMILY = "1,2";
				TEST_TARGET_NAME = FoodTracker;
			};
			name = Debug;
		};
		74C007F4213599CC000D2FF2 /* Release */ = {
			isa = XCBuildConfiguration;
			buildSettings = {
				ALWAYS_EMBED_SWIFT_STANDARD_LIBRARIES = YES;
				CODE_SIGN_STYLE = Automatic;
				INFOPLIST_FILE = FoodTrackerUITests/Info.plist;
				LD_RUNPATH_SEARCH_PATHS = (
					"$(inherited)",
					"@executable_path/Frameworks",
					"@loader_path/Frameworks",
				);
				PRODUCT_BUNDLE_IDENTIFIER = GabrielPalmer.FoodTrackerUITests;
				PRODUCT_NAME = "$(TARGET_NAME)";
				SWIFT_VERSION = 4.0;
				TARGETED_DEVICE_FAMILY = "1,2";
				TEST_TARGET_NAME = FoodTracker;
			};
			name = Release;
		};
/* End XCBuildConfiguration section */

/* Begin XCConfigurationList section */
		74C007BF213599CB000D2FF2 /* Build configuration list for PBXProject "FoodTracker" */ = {
			isa = XCConfigurationList;
			buildConfigurations = (
				74C007EA213599CC000D2FF2 /* Debug */,
				74C007EB213599CC000D2FF2 /* Release */,
			);
			defaultConfigurationIsVisible = 0;
			defaultConfigurationName = Release;
		};
		74C007EC213599CC000D2FF2 /* Build configuration list for PBXNativeTarget "FoodTracker" */ = {
			isa = XCConfigurationList;
			buildConfigurations = (
				74C007ED213599CC000D2FF2 /* Debug */,
				74C007EE213599CC000D2FF2 /* Release */,
			);
			defaultConfigurationIsVisible = 0;
			defaultConfigurationName = Release;
		};
		74C007EF213599CC000D2FF2 /* Build configuration list for PBXNativeTarget "FoodTrackerTests" */ = {
			isa = XCConfigurationList;
			buildConfigurations = (
				74C007F0213599CC000D2FF2 /* Debug */,
				74C007F1213599CC000D2FF2 /* Release */,
			);
			defaultConfigurationIsVisible = 0;
			defaultConfigurationName = Release;
		};
		74C007F2213599CC000D2FF2 /* Build configuration list for PBXNativeTarget "FoodTrackerUITests" */ = {
			isa = XCConfigurationList;
			buildConfigurations = (
				74C007F3213599CC000D2FF2 /* Debug */,
				74C007F4213599CC000D2FF2 /* Release */,
			);
			defaultConfigurationIsVisible = 0;
			defaultConfigurationName = Release;
		};
/* End XCConfigurationList section */
	};
	rootObject = 74C007BC213599CB000D2FF2 /* Project object */;
}
